
Microsoft Visual Studio Solution File, Format Version 12.00
# Visual Studio Version 17
VisualStudioVersion = 17.5.33627.172
MinimumVisualStudioVersion = 10.0.40219.1
Project("{FAE04EC0-301F-11D3-BF4B-00C04F79EFBC}") = "UpdateRVTParam", "UpdateRVTParam.csproj", "{90648075-1038-4B12-AC7F-98D95CD3C37E}"
EndProject
Global
	GlobalSection(SolutionConfigurationPlatforms) = preSolution
		Debug|Any CPU = Debug|Any CPU
		Debug|x64 = Debug|x64
		Release|Any CPU = Release|Any CPU
		Release|x64 = Release|x64
	EndGlobalSection
	GlobalSection(ProjectConfigurationPlatforms) = postSolution
		{90648075-1038-4B12-AC7F-98D95CD3C37E}.Debug|Any CPU.ActiveCfg = Debug|Any CPU
		{90648075-1038-4B12-AC7F-98D95CD3C37E}.Debug|Any CPU.Build.0 = Debug|Any CPU
		{90648075-1038-4B12-AC7F-98D95CD3C37E}.Debug|x64.ActiveCfg = Debug|x64
		{90648075-1038-4B12-AC7F-98D95CD3C37E}.Debug|x64.Build.0 = Debug|x64
		{90648075-1038-4B12-AC7F-98D95CD3C37E}.Release|Any CPU.ActiveCfg = Release|Any CPU
		{90648075-1038-4B12-AC7F-98D95CD3C37E}.Release|Any CPU.Build.0 = Release|Any CPU
		{90648075-1038-4B12-AC7F-98D95CD3C37E}.Release|x64.ActiveCfg = Release|x64
		{90648075-1038-4B12-AC7F-98D95CD3C37E}.Release|x64.Build.0 = Release|x64
	EndGlobalSection
	GlobalSection(SolutionProperties) = preSolution
		HideSolutionNode = FALSE
	EndGlobalSection
	GlobalSection(ExtensibilityGlobals) = postSolution
		SolutionGuid = {9FFCDFC5-E130-44FC-8BF2-A68798090D61}
	EndGlobalSection
EndGlobal
